
Microsoft Visual Studio Solution File, Format Version 12.00
# Visual Studio Version 17
VisualStudioVersion = 17.8.34322.80
MinimumVisualStudioVersion = 10.0.40219.1
Project("{8BC9CEB8-8B4A-11D0-8D11-00A0C91BC942}") = "Person", "Person\Person.vcxproj", "{6B39486C-377D-4614-A952-E42FD70EE3C3}"
EndProject
Global
	GlobalSection(SolutionConfigurationPlatforms) = preSolution
		Debug|x64 = Debug|x64
		Debug|x86 = Debug|x86
		Release|x64 = Release|x64
		Release|x86 = Release|x86
	EndGlobalSection
	GlobalSection(ProjectConfigurationPlatforms) = postSolution
		{6B39486C-377D-4614-A952-E42FD70EE3C3}.Debug|x64.ActiveCfg = Debug|x64
		{6B39486C-377D-4614-A952-E42FD70EE3C3}.Debug|x64.Build.0 = Debug|x64
		{6B39486C-377D-4614-A952-E42FD70EE3C3}.Debug|x86.ActiveCfg = Debug|Win32
		{6B39486C-377D-4614-A952-E42FD70EE3C3}.Debug|x86.Build.0 = Debug|Win32
		{6B39486C-377D-4614-A952-E42FD70EE3C3}.Release|x64.ActiveCfg = Release|x64
		{6B39486C-377D-4614-A952-E42FD70EE3C3}.Release|x64.Build.0 = Release|x64
		{6B39486C-377D-4614-A952-E42FD70EE3C3}.Release|x86.ActiveCfg = Release|Win32
		{6B39486C-377D-4614-A952-E42FD70EE3C3}.Release|x86.Build.0 = Release|Win32
	EndGlobalSection
	GlobalSection(SolutionProperties) = preSolution
		HideSolutionNode = FALSE
	EndGlobalSection
	GlobalSection(ExtensibilityGlobals) = postSolution
		SolutionGuid = {6103C8E9-1DED-441D-A232-CB04222E4831}
	EndGlobalSection
EndGlobal
